
Microsoft Visual Studio Solution File, Format Version 12.00
# Visual Studio Version 16
VisualStudioVersion = 16.0.29613.14
MinimumVisualStudioVersion = 10.0.40219.1
Project("{9A19103F-16F7-4668-BE54-9A1E7A4F7556}") = "TestEasy.Actuators.ChromeDriver", "TestEasy.Actuators.ChromeDriver\TestEasy.Actuators.ChromeDriver.csproj", "{D9E00B7F-5C38-4A13-AC0E-B3D8B429BD5A}"
EndProject
Project("{FAE04EC0-301F-11D3-BF4B-00C04F79EFBC}") = "TestEasy.Actuators.ChromeDriver.Tests", "TestEasy.Actuators.ChromeDriver.Tests\TestEasy.Actuators.ChromeDriver.Tests.csproj", "{A13943B8-B54E-42F9-93E1-B253C059C173}"
EndProject
Project("{E24C65DC-7377-472B-9ABA-BC803B73C61A}") = "TestEasy.WebUi", "TestEasy.WebUi\", "{5D6BBB08-5D02-4BBA-AA70-1C0825C4421A}"
	ProjectSection(WebsiteProperties) = preProject
		TargetFrameworkMoniker = ".NETFramework,Version%3Dv4.0"
		Debug.AspNetCompiler.VirtualPath = "/localhost_52805"
		Debug.AspNetCompiler.PhysicalPath = "TestEasy.WebUi\"
		Debug.AspNetCompiler.TargetPath = "PrecompiledWeb\localhost_52805\"
		Debug.AspNetCompiler.Updateable = "true"
		Debug.AspNetCompiler.ForceOverwrite = "true"
		Debug.AspNetCompiler.FixedNames = "false"
		Debug.AspNetCompiler.Debug = "True"
		Release.AspNetCompiler.VirtualPath = "/localhost_52805"
		Release.AspNetCompiler.PhysicalPath = "TestEasy.WebUi\"
		Release.AspNetCompiler.TargetPath = "PrecompiledWeb\localhost_52805\"
		Release.AspNetCompiler.Updateable = "true"
		Release.AspNetCompiler.ForceOverwrite = "true"
		Release.AspNetCompiler.FixedNames = "false"
		Release.AspNetCompiler.Debug = "False"
		VWDPort = "52805"
	EndProjectSection
EndProject
Global
	GlobalSection(SolutionConfigurationPlatforms) = preSolution
		Debug|Any CPU = Debug|Any CPU
		Release|Any CPU = Release|Any CPU
	EndGlobalSection
	GlobalSection(ProjectConfigurationPlatforms) = postSolution
		{D9E00B7F-5C38-4A13-AC0E-B3D8B429BD5A}.Debug|Any CPU.ActiveCfg = Debug|Any CPU
		{D9E00B7F-5C38-4A13-AC0E-B3D8B429BD5A}.Debug|Any CPU.Build.0 = Debug|Any CPU
		{D9E00B7F-5C38-4A13-AC0E-B3D8B429BD5A}.Release|Any CPU.ActiveCfg = Release|Any CPU
		{D9E00B7F-5C38-4A13-AC0E-B3D8B429BD5A}.Release|Any CPU.Build.0 = Release|Any CPU
		{A13943B8-B54E-42F9-93E1-B253C059C173}.Debug|Any CPU.ActiveCfg = Debug|Any CPU
		{A13943B8-B54E-42F9-93E1-B253C059C173}.Debug|Any CPU.Build.0 = Debug|Any CPU
		{A13943B8-B54E-42F9-93E1-B253C059C173}.Release|Any CPU.ActiveCfg = Release|Any CPU
		{A13943B8-B54E-42F9-93E1-B253C059C173}.Release|Any CPU.Build.0 = Release|Any CPU
		{5D6BBB08-5D02-4BBA-AA70-1C0825C4421A}.Debug|Any CPU.ActiveCfg = Debug|Any CPU
		{5D6BBB08-5D02-4BBA-AA70-1C0825C4421A}.Debug|Any CPU.Build.0 = Debug|Any CPU
		{5D6BBB08-5D02-4BBA-AA70-1C0825C4421A}.Release|Any CPU.ActiveCfg = Debug|Any CPU
		{5D6BBB08-5D02-4BBA-AA70-1C0825C4421A}.Release|Any CPU.Build.0 = Debug|Any CPU
	EndGlobalSection
	GlobalSection(SolutionProperties) = preSolution
		HideSolutionNode = FALSE
	EndGlobalSection
	GlobalSection(ExtensibilityGlobals) = postSolution
		SolutionGuid = {2590E18B-9435-41B1-B00C-8B2B98E0E509}
	EndGlobalSection
EndGlobal
